<Solution>
  <Folder Name="/solution-items/">
    <File Path="Directory.Build.props" />
    <File Path="Directory.Packages.props" />
    <File Path="README.md" />
    <File Path="docs/v2-plan.md" />
    <File Path="docs/v3-plan.md" />
  </Folder>
  <Folder Name="/src/">
    <Project Path="src/AutomateX.AppHost/AutomateX.AppHost.csproj" />
    <Project Path="src/AutomateX.Plugin.Sdk/AutomateX.Plugin.Sdk.csproj" />
    <Project Path="src/AutomateX.ServiceDefaults/AutomateX.ServiceDefaults.csproj" />
    <Project Path="src/AutomateX/AutomateX.csproj" />
  </Folder>
  <Folder Name="/plugins/">
    <Project Path="src/Plugins/AutomateX.Plugins.Discord/AutomateX.Plugins.Discord.csproj" />
    <Project Path="src/Plugins/AutomateX.Plugins.Feed/AutomateX.Plugins.Feed.csproj" />
    <Project Path="src/Plugins/AutomateX.Plugins.Llm/AutomateX.Plugins.Llm.csproj" />
    <Project Path="src/Plugins/AutomateX.Plugins.Matrix/AutomateX.Plugins.Matrix.csproj" />
    <Project Path="src/Plugins/AutomateX.Plugins.Pushover/AutomateX.Plugins.Pushover.csproj" />
    <Project Path="src/Plugins/AutomateX.Plugins.Ssh/AutomateX.Plugins.Ssh.csproj" />
  </Folder>
  <Folder Name="/samples/">
    <Project Path="samples/AutomateX.SamplePlugin/AutomateX.SamplePlugin.csproj" />
  </Folder>
  <Folder Name="/tests/">
    <Project Path="tests/AutomateX.Tests/AutomateX.Tests.csproj" />
  </Folder>
</Solution>
